PODS:
  - Alamofire (4.7.3)
  - AppImageViewer (1.0.3)
  - Bolts (1.9.0):
    - Bolts/AppLinks (= 1.9.0)
    - Bolts/Tasks (= 1.9.0)
  - Bolts/AppLinks (1.9.0):
    - Bolts/Tasks
  - Bolts/Tasks (1.9.0)
  - Crashlytics (3.9.3):
    - Fabric (~> 1.7.2)
  - DateTools (2.0.0)
  - DTLocalNotification (0.1.0)
  - Fabric (1.7.2)
  - FBSDKCoreKit (4.34.0):
    - Bolts (~> 1.7)
  - FBSDKLoginKit (4.34.0):
    - FBSDKCoreKit
  - Firebase (4.5.0):
    - Firebase/Core (= 4.5.0)
  - Firebase/Auth (4.5.0):
    - Firebase/Core
    - FirebaseAuth (= 4.3.1)
  - Firebase/Core (4.5.0):
    - FirebaseAnalytics (= 4.0.4)
    - FirebaseCore (= 4.0.10)
  - Firebase/Database (4.5.0):
    - Firebase/Core
    - FirebaseDatabase (= 4.1.0)
  - Firebase/Messaging (4.5.0):
    - Firebase/Core
    - FirebaseMessaging (= 2.0.6)
  - Firebase/Storage (4.5.0):
    - Firebase/Core
    - FirebaseStorage (= 2.0.2)
  - FirebaseAnalytics (4.0.4):
    - FirebaseCore (~> 4.0)
    - FirebaseInstanceID (~> 2.0)
    - "GoogleToolboxForMac/NSData+zlib (~> 2.1)"
    - nanopb (~> 0.3)
  - FirebaseAuth (4.3.1):
    - FirebaseAnalytics (~> 4.0)
    - "GoogleToolboxForMac/NSDictionary+URLArguments (~> 2.1)"
    - GTMSessionFetcher/Core (~> 1.1)
  - FirebaseCore (4.0.10):
    - "GoogleToolboxForMac/NSData+zlib (~> 2.1)"
    - nanopb (~> 0.3)
  - FirebaseDatabase (4.1.0):
    - FirebaseAnalytics (~> 4.0)
    - FirebaseCore (~> 4.0)
    - leveldb-library (~> 1.18)
  - FirebaseInstanceID (2.0.5)
  - FirebaseMessaging (2.0.6):
    - FirebaseAnalytics (~> 4.0)
    - FirebaseCore (~> 4.0)
    - FirebaseInstanceID (~> 2.0)
    - GoogleToolboxForMac/Logger (~> 2.1)
    - Protobuf (~> 3.1)
  - FirebaseStorage (2.0.2):
    - FirebaseAnalytics (~> 4.0)
    - FirebaseCore (~> 4.0)
    - GTMSessionFetcher/Core (~> 1.1)
  - GoogleAPIClientForREST/Core (1.3.6):
    - GTMSessionFetcher (>= 1.1.7)
  - GoogleAPIClientForREST/Drive (1.3.6):
    - GoogleAPIClientForREST/Core
    - GTMSessionFetcher (>= 1.1.7)
  - GoogleSignIn (4.1.2):
    - "GoogleToolboxForMac/NSDictionary+URLArguments (~> 2.1)"
    - "GoogleToolboxForMac/NSString+URLArguments (~> 2.1)"
    - GTMOAuth2 (~> 1.0)
    - GTMSessionFetcher/Core (~> 1.1)
  - GoogleToolboxForMac/DebugUtils (2.1.3):
    - GoogleToolboxForMac/Defines (= 2.1.3)
  - GoogleToolboxForMac/Defines (2.1.3)
  - GoogleToolboxForMac/Logger (2.1.3):
    - GoogleToolboxForMac/Defines (= 2.1.3)
  - "GoogleToolboxForMac/NSData+zlib (2.1.3)":
    - GoogleToolboxForMac/Defines (= 2.1.3)
  - "GoogleToolboxForMac/NSDictionary+URLArguments (2.1.3)":
    - GoogleToolboxForMac/DebugUtils (= 2.1.3)
    - GoogleToolboxForMac/Defines (= 2.1.3)
    - "GoogleToolboxForMac/NSString+URLArguments (= 2.1.3)"
  - "GoogleToolboxForMac/NSString+URLArguments (2.1.3)"
  - GPUImage (0.1.7)
  - GTMOAuth2 (1.1.6):
    - GTMSessionFetcher (~> 1.1)
  - GTMSessionFetcher (1.1.12):
    - GTMSessionFetcher/Full (= 1.1.12)
  - GTMSessionFetcher/Core (1.1.12)
  - GTMSessionFetcher/Full (1.1.12):
    - GTMSessionFetcher/Core (= 1.1.12)
  - Kingfisher (4.2.0)
  - leveldb-library (1.20)
  - nanopb (0.3.8):
    - nanopb/decode (= 0.3.8)
    - nanopb/encode (= 0.3.8)
  - nanopb/decode (0.3.8)
  - nanopb/encode (0.3.8)
  - Protobuf (3.6.0)
  - Sheeeeeeeeet (0.9.5)
  - Spring (1.0.3)
  - SwiftyJSON (3.1.4)

DEPENDENCIES:
  - Alamofire (~> 4.7)
  - AppImageViewer
  - Crashlytics
  - DateTools
  - DTLocalNotification
  - Fabric
  - FBSDKCoreKit (~> 4.23)
  - FBSDKLoginKit
  - Firebase
  - Firebase/Auth
  - Firebase/Database
  - Firebase/Messaging
  - Firebase/Storage
  - GoogleAPIClientForREST/Drive
  - GoogleSignIn
  - GPUImage
  - Kingfisher
  - Sheeeeeeeeet
  - Spring (from `https://github.com/MengTo/Spring.git`, branch `swift4`)
  - SwiftyJSON

SPEC REPOS:
  https://github.com/CocoaPods/Specs.git:
    - Alamofire
    - AppImageViewer
    - Bolts
    - Crashlytics
    - DateTools
    - DTLocalNotification
    - Fabric
    - FBSDKCoreKit
    - FBSDKLoginKit
    - Firebase
    - FirebaseAnalytics
    - FirebaseAuth
    - FirebaseCore
    - FirebaseDatabase
    - FirebaseInstanceID
    - FirebaseMessaging
    - FirebaseStorage
    - GoogleAPIClientForREST
    - GoogleSignIn
    - GoogleToolboxForMac
    - GPUImage
    - GTMOAuth2
    - GTMSessionFetcher
    - Kingfisher
    - leveldb-library
    - nanopb
    - Protobuf
    - Sheeeeeeeeet
    - SwiftyJSON

EXTERNAL SOURCES:
  Spring:
    :branch: swift4
    :git: https://github.com/MengTo/Spring.git

CHECKOUT OPTIONS:
  Spring:
    :commit: b65cb00a1adc7e810e2ad10b174b840b6d520ac3
    :git: https://github.com/MengTo/Spring.git

SPEC CHECKSUMS:
  Alamofire: c7287b6e5d7da964a70935e5db17046b7fde6568
  AppImageViewer: 57330743b4c8b007ab05ad2e57cdaac931c951ab
  Bolts: ac6567323eac61e203f6a9763667d0f711be34c8
  Crashlytics: dbb07d01876c171c5ccbdf7826410380189e452c
  DateTools: 933ac9c490f21f92127cf690ccd8c397e0126caf
  DTLocalNotification: de9f00cc190462a98c18db9cd69bdbe93219dda7
  Fabric: 9cd6a848efcf1b8b07497e0b6a2e7d336353ba15
  FBSDKCoreKit: 0ff57f093b85c8c9d5aba697d3edf68a8960ce78
  FBSDKLoginKit: 8c78f57a145afb756e4755e69195ebe08a42466e
  Firebase: d83d287bdb6b1c78320561482706d1fcfc8ddfc1
  FirebaseAnalytics: 722b53c7b32bfc7806b06e0093a2f5180d4f2c5a
  FirebaseAuth: e7c2b1359c2df4af23a568100a8eace0b8c507e4
  FirebaseCore: da5e8e372cb6046212739a4d81e42d32c22907cc
  FirebaseDatabase: 607284a103e961d7f5863ee603cab5e85f443bd6
  FirebaseInstanceID: f2b688c66b972f30d7fa9f5f9f91455454a03b47
  FirebaseMessaging: 75d83375b0f7a9911568d7bdd1a1a8261cbcbdef
  FirebaseStorage: 0cca42d9b889a0227c3a50121f45a4469fc9eb27
  GoogleAPIClientForREST: 5b95b38a0fa912e8ac7bdcf9e124578ef1a61bf2
  GoogleSignIn: d9ef55b10f0aa401a5de2747f59b725e4b9732ac
  GoogleToolboxForMac: 2501e2ad72a52eb3dfe7bd9aee7dad11b858bd20
  GPUImage: 733a5f0fab92df9de1c37ba9df520a833ccb406d
  GTMOAuth2: c77fe325e4acd453837e72d91e3b5f13116857b2
  GTMSessionFetcher: ebaa1f79a5366922c1735f1566901f50beba23b7
  Kingfisher: 9ee7e788d8ba07c3f21ce0d43f33cec310a4f781
  leveldb-library: 08cba283675b7ed2d99629a4bc5fd052cd2bb6a5
  nanopb: 5601e6bca2dbf1ed831b519092ec110f66982ca3
  Protobuf: 0fc0ad8bec688b2a3017a139953e01374fedbd5f
  Sheeeeeeeeet: e7a54ed2007d12b5b3b5d2fa5b98ce9b994ca335
  Spring: 3f02b5dc3308572ef177b3cad0fa7bbc4b0706f7
  SwiftyJSON: c2842d878f95482ffceec5709abc3d05680c0220

PODFILE CHECKSUM: 88c3322a8fd066cbe9a5204bbd8768d361e112fc

COCOAPODS: 1.5.0
